
Microsoft Visual Studio Solution File, Format Version 12.00
# Visual Studio Version 16
VisualStudioVersion = 16.0.29728.190
MinimumVisualStudioVersion = 10.0.40219.1
Project("{FAE04EC0-301F-11D3-BF4B-00C04F79EFBC}") = "WpfDrawing", "WpfDrawing\WpfDrawing.csproj", "{17475B7E-C895-40C2-BFE3-2D436AE2C5C7}"
EndProject
Project("{FAE04EC0-301F-11D3-BF4B-00C04F79EFBC}") = "WpfDrawing.Sample", "WpfDrawing.Sample\WpfDrawing.Sample.csproj", "{79DA7207-99E2-414C-B393-88DED84F5769}"
EndProject
Project("{FAE04EC0-301F-11D3-BF4B-00C04F79EFBC}") = "WpfDrawing.Winform.Sample", "WpfDrawing.Winform.Sample\WpfDrawing.Winform.Sample.csproj", "{9F7A5D39-1D29-4472-B869-7F80E49F86C8}"
EndProject
Project("{FAE04EC0-301F-11D3-BF4B-00C04F79EFBC}") = "WpfDrawing.Test", "WpfDrawing.Test\WpfDrawing.Test.csproj", "{EC89E905-78F6-4C2E-9C5A-9A0F29D3807B}"
EndProject
Global
	GlobalSection(SolutionConfigurationPlatforms) = preSolution
		Debug|Any CPU = Debug|Any CPU
		Release|Any CPU = Release|Any CPU
	EndGlobalSection
	GlobalSection(ProjectConfigurationPlatforms) = postSolution
		{17475B7E-C895-40C2-BFE3-2D436AE2C5C7}.Debug|Any CPU.ActiveCfg = Debug|Any CPU
		{17475B7E-C895-40C2-BFE3-2D436AE2C5C7}.Debug|Any CPU.Build.0 = Debug|Any CPU
		{17475B7E-C895-40C2-BFE3-2D436AE2C5C7}.Release|Any CPU.ActiveCfg = Release|Any CPU
		{17475B7E-C895-40C2-BFE3-2D436AE2C5C7}.Release|Any CPU.Build.0 = Release|Any CPU
		{79DA7207-99E2-414C-B393-88DED84F5769}.Debug|Any CPU.ActiveCfg = Debug|Any CPU
		{79DA7207-99E2-414C-B393-88DED84F5769}.Debug|Any CPU.Build.0 = Debug|Any CPU
		{79DA7207-99E2-414C-B393-88DED84F5769}.Release|Any CPU.ActiveCfg = Release|Any CPU
		{79DA7207-99E2-414C-B393-88DED84F5769}.Release|Any CPU.Build.0 = Release|Any CPU
		{9F7A5D39-1D29-4472-B869-7F80E49F86C8}.Debug|Any CPU.ActiveCfg = Debug|Any CPU
		{9F7A5D39-1D29-4472-B869-7F80E49F86C8}.Debug|Any CPU.Build.0 = Debug|Any CPU
		{9F7A5D39-1D29-4472-B869-7F80E49F86C8}.Release|Any CPU.ActiveCfg = Release|Any CPU
		{9F7A5D39-1D29-4472-B869-7F80E49F86C8}.Release|Any CPU.Build.0 = Release|Any CPU
		{EC89E905-78F6-4C2E-9C5A-9A0F29D3807B}.Debug|Any CPU.ActiveCfg = Debug|Any CPU
		{EC89E905-78F6-4C2E-9C5A-9A0F29D3807B}.Debug|Any CPU.Build.0 = Debug|Any CPU
		{EC89E905-78F6-4C2E-9C5A-9A0F29D3807B}.Release|Any CPU.ActiveCfg = Release|Any CPU
		{EC89E905-78F6-4C2E-9C5A-9A0F29D3807B}.Release|Any CPU.Build.0 = Release|Any CPU
	EndGlobalSection
	GlobalSection(SolutionProperties) = preSolution
		HideSolutionNode = FALSE
	EndGlobalSection
	GlobalSection(ExtensibilityGlobals) = postSolution
		SolutionGuid = {117528E7-6B25-4D05-A159-2E73FA78E7D3}
	EndGlobalSection
EndGlobal
